
Microsoft Visual Studio Solution File, Format Version 12.00
# Visual Studio 15
VisualStudioVersion = 15.0.28307.852
MinimumVisualStudioVersion = 10.0.40219.1
Project("{2150E333-8FDC-42A3-9474-1A3956D46DE8}") = "1-Front_end", "1-Front_end", "{3B96E0F5-9245-43C5-8424-386BCEB024E3}"
EndProject
Project("{2150E333-8FDC-42A3-9474-1A3956D46DE8}") = "2-Back_end", "2-Back_end", "{5B9377D0-A792-4626-8BFC-AEB58A704F4E}"
EndProject
Project("{2150E333-8FDC-42A3-9474-1A3956D46DE8}") = "2.1-Application", "2.1-Application", "{B65F2506-04B5-4805-8708-463BC1879253}"
EndProject
Project("{2150E333-8FDC-42A3-9474-1A3956D46DE8}") = "2.2-Domain", "2.2-Domain", "{3225981F-BFFF-4A73-80AE-57A5509EA8BD}"
EndProject
Project("{2150E333-8FDC-42A3-9474-1A3956D46DE8}") = "2.3-Infrastructure", "2.3-Infrastructure", "{48E570A7-990D-4AB5-8D96-CAB015996CF0}"
EndProject
Project("{2150E333-8FDC-42A3-9474-1A3956D46DE8}") = "2.3.1-InfraData", "2.3.1-InfraData", "{6A2FE501-60A1-4961-88FB-CD873147E8DB}"
EndProject
Project("{2150E333-8FDC-42A3-9474-1A3956D46DE8}") = "2.2.1-Domain", "2.2.1-Domain", "{E03461D9-964C-4BA5-8F9E-E309D94BFFC2}"
EndProject
Project("{2150E333-8FDC-42A3-9474-1A3956D46DE8}") = "2.3.2-CrossCutting", "2.3.2-CrossCutting", "{E8EE4A5B-42BA-404E-A934-25744DFD2F6E}"
EndProject
Project("{2150E333-8FDC-42A3-9474-1A3956D46DE8}") = "2.3.2.1-CrossCutting.Bus", "2.3.2.1-CrossCutting.Bus", "{C36EFCB0-0326-496D-81C4-217BE0298033}"
EndProject
Project("{2150E333-8FDC-42A3-9474-1A3956D46DE8}") = "2.3.2.2-CrossCuttting.Identity", "2.3.2.2-CrossCuttting.Identity", "{308B69FB-C00F-42CF-8619-804087A8F10D}"
EndProject
Project("{2150E333-8FDC-42A3-9474-1A3956D46DE8}") = "2.3.2.3-CrossCutting.Ioc", "2.3.2.3-CrossCutting.Ioc", "{0A54A798-8D42-4EFF-BAA4-D1CEDEDE4C9E}"
EndProject
Project("{2150E333-8FDC-42A3-9474-1A3956D46DE8}") = "2.0-Service", "2.0-Service", "{1FCBE2F5-53A9-44A4-8C98-B5E0A76F3202}"
EndProject
Project("{2150E333-8FDC-42A3-9474-1A3956D46DE8}") = "UI", "UI", "{5105779C-BA47-441F-BF31-AEF75D458F87}"
EndProject
Project("{9A19103F-16F7-4668-BE54-9A1E7A4F7556}") = "DNA.UI.Web.Design", "src\DNA.UI.Web\DNA.UI.Web.Design.csproj", "{5BD379FD-6F8D-4680-84E2-983085F124E5}"
EndProject
Project("{9A19103F-16F7-4668-BE54-9A1E7A4F7556}") = "DNA.UI.Web", "src\DNA.UI.Web - 01\DNA.UI.Web.csproj", "{AF5B5ADE-34C9-40B0-A473-D6F3F557D5C8}"
EndProject
Project("{9A19103F-16F7-4668-BE54-9A1E7A4F7556}") = "DNA.Service.Api", "src\DNA.Service.Api\DNA.Service.Api.csproj", "{8A0DEEB4-F962-4F72-BE0B-EBB4E9E938DC}"
EndProject
Project("{9A19103F-16F7-4668-BE54-9A1E7A4F7556}") = "DNA.Application", "src\DNA.Application\DNA.Application.csproj", "{5DCF167F-6B6D-4F27-A0B7-1ABF49980606}"
EndProject
Project("{2150E333-8FDC-42A3-9474-1A3956D46DE8}") = "2.2.2-Domain.Core", "2.2.2-Domain.Core", "{A19AB561-49BB-4CFA-9C88-500F42AFDCBC}"
EndProject
Project("{9A19103F-16F7-4668-BE54-9A1E7A4F7556}") = "DNA.Domain.Core", "src\DNA.Domain.core\DNA.Domain.Core.csproj", "{78AFEAFC-DC45-4CAC-B146-DE9F562A600B}"
EndProject
Project("{9A19103F-16F7-4668-BE54-9A1E7A4F7556}") = "DNA.Domain", "src\DNA.Domain\DNA.Domain.csproj", "{26C8E99D-D9FD-4C7C-A9F3-40ED88A1DC04}"
EndProject
Project("{9A19103F-16F7-4668-BE54-9A1E7A4F7556}") = "DNA.Infra.Data", "src\DNA.Infra.Data\DNA.Infra.Data.csproj", "{617F005D-AE6B-4C2C-B38C-4A83DC7992B8}"
EndProject
Project("{9A19103F-16F7-4668-BE54-9A1E7A4F7556}") = "DNA.Infra.Data.CrossCutting.Bus", "src\DNA.Infra.Data.CrossCutting.Bus\DNA.Infra.Data.CrossCutting.Bus.csproj", "{C23DDEF9-39E7-4EEC-9FAF-701B216A355E}"
EndProject
Project("{9A19103F-16F7-4668-BE54-9A1E7A4F7556}") = "DNA.CrossCutting.Identity", "src\DNA.Infra.CrossCutting.Identity\DNA.CrossCutting.Identity.csproj", "{AB8E08AE-974A-4593-A86F-20235C238F0C}"
EndProject
Project("{9A19103F-16F7-4668-BE54-9A1E7A4F7556}") = "DNA.CrossCutting.IoC", "src\DNA.CrossCutting.IoC\DNA.CrossCutting.IoC.csproj", "{32D18FA7-BDD1-404F-AECD-22601DD6F2B6}"
EndProject
Global
	GlobalSection(SolutionConfigurationPlatforms) = preSolution
		Debug|Any CPU = Debug|Any CPU
		Release|Any CPU = Release|Any CPU
	EndGlobalSection
	GlobalSection(ProjectConfigurationPlatforms) = postSolution
		{5BD379FD-6F8D-4680-84E2-983085F124E5}.Debug|Any CPU.ActiveCfg = Debug|Any CPU
		{5BD379FD-6F8D-4680-84E2-983085F124E5}.Debug|Any CPU.Build.0 = Debug|Any CPU
		{5BD379FD-6F8D-4680-84E2-983085F124E5}.Release|Any CPU.ActiveCfg = Release|Any CPU
		{5BD379FD-6F8D-4680-84E2-983085F124E5}.Release|Any CPU.Build.0 = Release|Any CPU
		{AF5B5ADE-34C9-40B0-A473-D6F3F557D5C8}.Debug|Any CPU.ActiveCfg = Debug|Any CPU
		{AF5B5ADE-34C9-40B0-A473-D6F3F557D5C8}.Debug|Any CPU.Build.0 = Debug|Any CPU
		{AF5B5ADE-34C9-40B0-A473-D6F3F557D5C8}.Release|Any CPU.ActiveCfg = Release|Any CPU
		{AF5B5ADE-34C9-40B0-A473-D6F3F557D5C8}.Release|Any CPU.Build.0 = Release|Any CPU
		{8A0DEEB4-F962-4F72-BE0B-EBB4E9E938DC}.Debug|Any CPU.ActiveCfg = Debug|Any CPU
		{8A0DEEB4-F962-4F72-BE0B-EBB4E9E938DC}.Debug|Any CPU.Build.0 = Debug|Any CPU
		{8A0DEEB4-F962-4F72-BE0B-EBB4E9E938DC}.Release|Any CPU.ActiveCfg = Release|Any CPU
		{8A0DEEB4-F962-4F72-BE0B-EBB4E9E938DC}.Release|Any CPU.Build.0 = Release|Any CPU
		{5DCF167F-6B6D-4F27-A0B7-1ABF49980606}.Debug|Any CPU.ActiveCfg = Debug|Any CPU
		{5DCF167F-6B6D-4F27-A0B7-1ABF49980606}.Debug|Any CPU.Build.0 = Debug|Any CPU
		{5DCF167F-6B6D-4F27-A0B7-1ABF49980606}.Release|Any CPU.ActiveCfg = Release|Any CPU
		{5DCF167F-6B6D-4F27-A0B7-1ABF49980606}.Release|Any CPU.Build.0 = Release|Any CPU
		{78AFEAFC-DC45-4CAC-B146-DE9F562A600B}.Debug|Any CPU.ActiveCfg = Debug|Any CPU
		{78AFEAFC-DC45-4CAC-B146-DE9F562A600B}.Debug|Any CPU.Build.0 = Debug|Any CPU
		{78AFEAFC-DC45-4CAC-B146-DE9F562A600B}.Release|Any CPU.ActiveCfg = Release|Any CPU
		{78AFEAFC-DC45-4CAC-B146-DE9F562A600B}.Release|Any CPU.Build.0 = Release|Any CPU
		{26C8E99D-D9FD-4C7C-A9F3-40ED88A1DC04}.Debug|Any CPU.ActiveCfg = Debug|Any CPU
		{26C8E99D-D9FD-4C7C-A9F3-40ED88A1DC04}.Debug|Any CPU.Build.0 = Debug|Any CPU
		{26C8E99D-D9FD-4C7C-A9F3-40ED88A1DC04}.Release|Any CPU.ActiveCfg = Release|Any CPU
		{26C8E99D-D9FD-4C7C-A9F3-40ED88A1DC04}.Release|Any CPU.Build.0 = Release|Any CPU
		{617F005D-AE6B-4C2C-B38C-4A83DC7992B8}.Debug|Any CPU.ActiveCfg = Debug|Any CPU
		{617F005D-AE6B-4C2C-B38C-4A83DC7992B8}.Debug|Any CPU.Build.0 = Debug|Any CPU
		{617F005D-AE6B-4C2C-B38C-4A83DC7992B8}.Release|Any CPU.ActiveCfg = Release|Any CPU
		{617F005D-AE6B-4C2C-B38C-4A83DC7992B8}.Release|Any CPU.Build.0 = Release|Any CPU
		{C23DDEF9-39E7-4EEC-9FAF-701B216A355E}.Debug|Any CPU.ActiveCfg = Debug|Any CPU
		{C23DDEF9-39E7-4EEC-9FAF-701B216A355E}.Debug|Any CPU.Build.0 = Debug|Any CPU
		{C23DDEF9-39E7-4EEC-9FAF-701B216A355E}.Release|Any CPU.ActiveCfg = Release|Any CPU
		{C23DDEF9-39E7-4EEC-9FAF-701B216A355E}.Release|Any CPU.Build.0 = Release|Any CPU
		{AB8E08AE-974A-4593-A86F-20235C238F0C}.Debug|Any CPU.ActiveCfg = Debug|Any CPU
		{AB8E08AE-974A-4593-A86F-20235C238F0C}.Debug|Any CPU.Build.0 = Debug|Any CPU
		{AB8E08AE-974A-4593-A86F-20235C238F0C}.Release|Any CPU.ActiveCfg = Release|Any CPU
		{AB8E08AE-974A-4593-A86F-20235C238F0C}.Release|Any CPU.Build.0 = Release|Any CPU
		{32D18FA7-BDD1-404F-AECD-22601DD6F2B6}.Debug|Any CPU.ActiveCfg = Debug|Any CPU
		{32D18FA7-BDD1-404F-AECD-22601DD6F2B6}.Debug|Any CPU.Build.0 = Debug|Any CPU
		{32D18FA7-BDD1-404F-AECD-22601DD6F2B6}.Release|Any CPU.ActiveCfg = Release|Any CPU
		{32D18FA7-BDD1-404F-AECD-22601DD6F2B6}.Release|Any CPU.Build.0 = Release|Any CPU
	EndGlobalSection
	GlobalSection(SolutionProperties) = preSolution
		HideSolutionNode = FALSE
	EndGlobalSection
	GlobalSection(NestedProjects) = preSolution
		{B65F2506-04B5-4805-8708-463BC1879253} = {5B9377D0-A792-4626-8BFC-AEB58A704F4E}
		{3225981F-BFFF-4A73-80AE-57A5509EA8BD} = {5B9377D0-A792-4626-8BFC-AEB58A704F4E}
		{48E570A7-990D-4AB5-8D96-CAB015996CF0} = {5B9377D0-A792-4626-8BFC-AEB58A704F4E}
		{6A2FE501-60A1-4961-88FB-CD873147E8DB} = {48E570A7-990D-4AB5-8D96-CAB015996CF0}
		{E03461D9-964C-4BA5-8F9E-E309D94BFFC2} = {3225981F-BFFF-4A73-80AE-57A5509EA8BD}
		{E8EE4A5B-42BA-404E-A934-25744DFD2F6E} = {48E570A7-990D-4AB5-8D96-CAB015996CF0}
		{C36EFCB0-0326-496D-81C4-217BE0298033} = {E8EE4A5B-42BA-404E-A934-25744DFD2F6E}
		{308B69FB-C00F-42CF-8619-804087A8F10D} = {E8EE4A5B-42BA-404E-A934-25744DFD2F6E}
		{0A54A798-8D42-4EFF-BAA4-D1CEDEDE4C9E} = {E8EE4A5B-42BA-404E-A934-25744DFD2F6E}
		{1FCBE2F5-53A9-44A4-8C98-B5E0A76F3202} = {5B9377D0-A792-4626-8BFC-AEB58A704F4E}
		{5105779C-BA47-441F-BF31-AEF75D458F87} = {3B96E0F5-9245-43C5-8424-386BCEB024E3}
		{5BD379FD-6F8D-4680-84E2-983085F124E5} = {5105779C-BA47-441F-BF31-AEF75D458F87}
		{AF5B5ADE-34C9-40B0-A473-D6F3F557D5C8} = {5105779C-BA47-441F-BF31-AEF75D458F87}
		{8A0DEEB4-F962-4F72-BE0B-EBB4E9E938DC} = {1FCBE2F5-53A9-44A4-8C98-B5E0A76F3202}
		{5DCF167F-6B6D-4F27-A0B7-1ABF49980606} = {B65F2506-04B5-4805-8708-463BC1879253}
		{A19AB561-49BB-4CFA-9C88-500F42AFDCBC} = {3225981F-BFFF-4A73-80AE-57A5509EA8BD}
		{78AFEAFC-DC45-4CAC-B146-DE9F562A600B} = {A19AB561-49BB-4CFA-9C88-500F42AFDCBC}
		{26C8E99D-D9FD-4C7C-A9F3-40ED88A1DC04} = {E03461D9-964C-4BA5-8F9E-E309D94BFFC2}
		{617F005D-AE6B-4C2C-B38C-4A83DC7992B8} = {6A2FE501-60A1-4961-88FB-CD873147E8DB}
		{C23DDEF9-39E7-4EEC-9FAF-701B216A355E} = {C36EFCB0-0326-496D-81C4-217BE0298033}
		{AB8E08AE-974A-4593-A86F-20235C238F0C} = {308B69FB-C00F-42CF-8619-804087A8F10D}
		{32D18FA7-BDD1-404F-AECD-22601DD6F2B6} = {0A54A798-8D42-4EFF-BAA4-D1CEDEDE4C9E}
	EndGlobalSection
	GlobalSection(ExtensibilityGlobals) = postSolution
		SolutionGuid = {D7B28A2B-4B10-4275-814B-7538AC1F23DF}
	EndGlobalSection
EndGlobal
