
Microsoft Visual Studio Solution File, Format Version 12.00
# Visual Studio 15
VisualStudioVersion = 15.0.28307.852
MinimumVisualStudioVersion = 10.0.40219.1
Project("{2150E333-8FDC-42A3-9474-1A3956D46DE8}") = "1-Front_end", "1-Front_end", "{3B96E0F5-9245-43C5-8424-386BCEB024E3}"
EndProject
Project("{2150E333-8FDC-42A3-9474-1A3956D46DE8}") = "2-Back_end", "2-Back_end", "{5B9377D0-A792-4626-8BFC-AEB58A704F4E}"
EndProject
Project("{2150E333-8FDC-42A3-9474-1A3956D46DE8}") = "2.1-Application", "2.1-Application", "{B65F2506-04B5-4805-8708-463BC1879253}"
EndProject
Project("{2150E333-8FDC-42A3-9474-1A3956D46DE8}") = "2.2-Domain", "2.2-Domain", "{3225981F-BFFF-4A73-80AE-57A5509EA8BD}"
EndProject
Project("{2150E333-8FDC-42A3-9474-1A3956D46DE8}") = "2.3-Infrastructure", "2.3-Infrastructure", "{48E570A7-990D-4AB5-8D96-CAB015996CF0}"
EndProject
Project("{2150E333-8FDC-42A3-9474-1A3956D46DE8}") = "2.3.1-InfraData", "2.3.1-InfraData", "{6A2FE501-60A1-4961-88FB-CD873147E8DB}"
EndProject
Project("{2150E333-8FDC-42A3-9474-1A3956D46DE8}") = "2.2.1-Domain", "2.2.1-Domain", "{E03461D9-964C-4BA5-8F9E-E309D94BFFC2}"
EndProject
Project("{2150E333-8FDC-42A3-9474-1A3956D46DE8}") = "2.3.2-CrossCutting", "2.3.2-CrossCutting", "{E8EE4A5B-42BA-404E-A934-25744DFD2F6E}"
EndProject
Project("{2150E333-8FDC-42A3-9474-1A3956D46DE8}") = "2.3.2.1-CrossCutting.Bus", "2.3.2.1-CrossCutting.Bus", "{C36EFCB0-0326-496D-81C4-217BE0298033}"
EndProject
Project("{2150E333-8FDC-42A3-9474-1A3956D46DE8}") = "2.3.2.2-CrossCuttting.Identity", "2.3.2.2-CrossCuttting.Identity", "{308B69FB-C00F-42CF-8619-804087A8F10D}"
EndProject
Project("{2150E333-8FDC-42A3-9474-1A3956D46DE8}") = "2.3.2.3-CrossCutting.Ioc", "2.3.2.3-CrossCutting.Ioc", "{0A54A798-8D42-4EFF-BAA4-D1CEDEDE4C9E}"
EndProject
Project("{9A19103F-16F7-4668-BE54-9A1E7A4F7556}") = "CrossCutting.Bus", "src\CrossCutting.Bus\CrossCutting.Bus.csproj", "{2DF5B5C9-162D-47F5-8BB6-8F3A5D005DE2}"
EndProject
Project("{9A19103F-16F7-4668-BE54-9A1E7A4F7556}") = "CrossCutting.Ioc", "src\CrossCutting.Ioc\CrossCutting.Ioc.csproj", "{50650B9D-DA05-46B3-8129-E6C1556C30EF}"
EndProject
Project("{2150E333-8FDC-42A3-9474-1A3956D46DE8}") = "2.0-Service", "2.0-Service", "{1FCBE2F5-53A9-44A4-8C98-B5E0A76F3202}"
EndProject
Project("{9A19103F-16F7-4668-BE54-9A1E7A4F7556}") = "CrossCutting.Identity", "src\CrossCutting.Identity\CrossCutting.Identity.csproj", "{CF99E115-EF4C-485D-84C1-44D7CB147C81}"
EndProject
Project("{9A19103F-16F7-4668-BE54-9A1E7A4F7556}") = "Domain", "src\Domain\Domain.csproj", "{FF3FC8FC-8A07-4D0A-A766-EC5C12D6DCC2}"
EndProject
Project("{9A19103F-16F7-4668-BE54-9A1E7A4F7556}") = "Infrastructure", "src\Infrastructure\Infrastructure.csproj", "{246E2C18-57B5-4497-A19F-C220BE0EFCFC}"
EndProject
Project("{FAE04EC0-301F-11D3-BF4B-00C04F79EFBC}") = "Application", "src\Application\Application.csproj", "{CF702088-7472-489B-AEEC-8E592F7843CC}"
EndProject
Project("{9A19103F-16F7-4668-BE54-9A1E7A4F7556}") = "SGFR_Web_v02", "src\SGFR_Web_v02\SGFR_Web_v02.csproj", "{06D30D14-9612-4A37-B711-695DD51E7DC0}"
EndProject
Project("{2150E333-8FDC-42A3-9474-1A3956D46DE8}") = "UI", "UI", "{5105779C-BA47-441F-BF31-AEF75D458F87}"
EndProject
Project("{FAE04EC0-301F-11D3-BF4B-00C04F79EFBC}") = "DNA.UI.Web", "src\DNA.UI.Web\DNA.UI.Web.csproj", "{5BD379FD-6F8D-4680-84E2-983085F124E5}"
EndProject
Global
	GlobalSection(SolutionConfigurationPlatforms) = preSolution
		Debug|Any CPU = Debug|Any CPU
		Release|Any CPU = Release|Any CPU
	EndGlobalSection
	GlobalSection(ProjectConfigurationPlatforms) = postSolution
		{2DF5B5C9-162D-47F5-8BB6-8F3A5D005DE2}.Debug|Any CPU.ActiveCfg = Debug|Any CPU
		{2DF5B5C9-162D-47F5-8BB6-8F3A5D005DE2}.Debug|Any CPU.Build.0 = Debug|Any CPU
		{2DF5B5C9-162D-47F5-8BB6-8F3A5D005DE2}.Release|Any CPU.ActiveCfg = Release|Any CPU
		{2DF5B5C9-162D-47F5-8BB6-8F3A5D005DE2}.Release|Any CPU.Build.0 = Release|Any CPU
		{50650B9D-DA05-46B3-8129-E6C1556C30EF}.Debug|Any CPU.ActiveCfg = Debug|Any CPU
		{50650B9D-DA05-46B3-8129-E6C1556C30EF}.Debug|Any CPU.Build.0 = Debug|Any CPU
		{50650B9D-DA05-46B3-8129-E6C1556C30EF}.Release|Any CPU.ActiveCfg = Release|Any CPU
		{50650B9D-DA05-46B3-8129-E6C1556C30EF}.Release|Any CPU.Build.0 = Release|Any CPU
		{CF99E115-EF4C-485D-84C1-44D7CB147C81}.Debug|Any CPU.ActiveCfg = Debug|Any CPU
		{CF99E115-EF4C-485D-84C1-44D7CB147C81}.Debug|Any CPU.Build.0 = Debug|Any CPU
		{CF99E115-EF4C-485D-84C1-44D7CB147C81}.Release|Any CPU.ActiveCfg = Release|Any CPU
		{CF99E115-EF4C-485D-84C1-44D7CB147C81}.Release|Any CPU.Build.0 = Release|Any CPU
		{FF3FC8FC-8A07-4D0A-A766-EC5C12D6DCC2}.Debug|Any CPU.ActiveCfg = Debug|Any CPU
		{FF3FC8FC-8A07-4D0A-A766-EC5C12D6DCC2}.Debug|Any CPU.Build.0 = Debug|Any CPU
		{FF3FC8FC-8A07-4D0A-A766-EC5C12D6DCC2}.Release|Any CPU.ActiveCfg = Release|Any CPU
		{FF3FC8FC-8A07-4D0A-A766-EC5C12D6DCC2}.Release|Any CPU.Build.0 = Release|Any CPU
		{246E2C18-57B5-4497-A19F-C220BE0EFCFC}.Debug|Any CPU.ActiveCfg = Debug|Any CPU
		{246E2C18-57B5-4497-A19F-C220BE0EFCFC}.Debug|Any CPU.Build.0 = Debug|Any CPU
		{246E2C18-57B5-4497-A19F-C220BE0EFCFC}.Release|Any CPU.ActiveCfg = Release|Any CPU
		{246E2C18-57B5-4497-A19F-C220BE0EFCFC}.Release|Any CPU.Build.0 = Release|Any CPU
		{CF702088-7472-489B-AEEC-8E592F7843CC}.Debug|Any CPU.ActiveCfg = Debug|Any CPU
		{CF702088-7472-489B-AEEC-8E592F7843CC}.Debug|Any CPU.Build.0 = Debug|Any CPU
		{CF702088-7472-489B-AEEC-8E592F7843CC}.Release|Any CPU.ActiveCfg = Release|Any CPU
		{CF702088-7472-489B-AEEC-8E592F7843CC}.Release|Any CPU.Build.0 = Release|Any CPU
		{06D30D14-9612-4A37-B711-695DD51E7DC0}.Debug|Any CPU.ActiveCfg = Debug|Any CPU
		{06D30D14-9612-4A37-B711-695DD51E7DC0}.Debug|Any CPU.Build.0 = Debug|Any CPU
		{06D30D14-9612-4A37-B711-695DD51E7DC0}.Release|Any CPU.ActiveCfg = Release|Any CPU
		{06D30D14-9612-4A37-B711-695DD51E7DC0}.Release|Any CPU.Build.0 = Release|Any CPU
		{5BD379FD-6F8D-4680-84E2-983085F124E5}.Debug|Any CPU.ActiveCfg = Debug|Any CPU
		{5BD379FD-6F8D-4680-84E2-983085F124E5}.Debug|Any CPU.Build.0 = Debug|Any CPU
		{5BD379FD-6F8D-4680-84E2-983085F124E5}.Release|Any CPU.ActiveCfg = Release|Any CPU
		{5BD379FD-6F8D-4680-84E2-983085F124E5}.Release|Any CPU.Build.0 = Release|Any CPU
	EndGlobalSection
	GlobalSection(SolutionProperties) = preSolution
		HideSolutionNode = FALSE
	EndGlobalSection
	GlobalSection(NestedProjects) = preSolution
		{B65F2506-04B5-4805-8708-463BC1879253} = {5B9377D0-A792-4626-8BFC-AEB58A704F4E}
		{3225981F-BFFF-4A73-80AE-57A5509EA8BD} = {5B9377D0-A792-4626-8BFC-AEB58A704F4E}
		{48E570A7-990D-4AB5-8D96-CAB015996CF0} = {5B9377D0-A792-4626-8BFC-AEB58A704F4E}
		{6A2FE501-60A1-4961-88FB-CD873147E8DB} = {48E570A7-990D-4AB5-8D96-CAB015996CF0}
		{E03461D9-964C-4BA5-8F9E-E309D94BFFC2} = {3225981F-BFFF-4A73-80AE-57A5509EA8BD}
		{E8EE4A5B-42BA-404E-A934-25744DFD2F6E} = {48E570A7-990D-4AB5-8D96-CAB015996CF0}
		{C36EFCB0-0326-496D-81C4-217BE0298033} = {E8EE4A5B-42BA-404E-A934-25744DFD2F6E}
		{308B69FB-C00F-42CF-8619-804087A8F10D} = {E8EE4A5B-42BA-404E-A934-25744DFD2F6E}
		{0A54A798-8D42-4EFF-BAA4-D1CEDEDE4C9E} = {E8EE4A5B-42BA-404E-A934-25744DFD2F6E}
		{2DF5B5C9-162D-47F5-8BB6-8F3A5D005DE2} = {C36EFCB0-0326-496D-81C4-217BE0298033}
		{50650B9D-DA05-46B3-8129-E6C1556C30EF} = {0A54A798-8D42-4EFF-BAA4-D1CEDEDE4C9E}
		{1FCBE2F5-53A9-44A4-8C98-B5E0A76F3202} = {5B9377D0-A792-4626-8BFC-AEB58A704F4E}
		{CF99E115-EF4C-485D-84C1-44D7CB147C81} = {308B69FB-C00F-42CF-8619-804087A8F10D}
		{FF3FC8FC-8A07-4D0A-A766-EC5C12D6DCC2} = {E03461D9-964C-4BA5-8F9E-E309D94BFFC2}
		{246E2C18-57B5-4497-A19F-C220BE0EFCFC} = {6A2FE501-60A1-4961-88FB-CD873147E8DB}
		{CF702088-7472-489B-AEEC-8E592F7843CC} = {B65F2506-04B5-4805-8708-463BC1879253}
		{06D30D14-9612-4A37-B711-695DD51E7DC0} = {3B96E0F5-9245-43C5-8424-386BCEB024E3}
		{5105779C-BA47-441F-BF31-AEF75D458F87} = {3B96E0F5-9245-43C5-8424-386BCEB024E3}
		{5BD379FD-6F8D-4680-84E2-983085F124E5} = {5105779C-BA47-441F-BF31-AEF75D458F87}
	EndGlobalSection
	GlobalSection(ExtensibilityGlobals) = postSolution
		SolutionGuid = {D7B28A2B-4B10-4275-814B-7538AC1F23DF}
	EndGlobalSection
EndGlobal
